
Microsoft Visual Studio Solution File, Format Version 12.00
# Visual Studio Version 17
VisualStudioVersion = 17.11.35327.3
MinimumVisualStudioVersion = 10.0.40219.1
Project("{FAE04EC0-301F-11D3-BF4B-00C04F79EFBC}") = "Data", "Data\Data.csproj", "{B377C9D2-264D-440E-B3B5-DA1FD2B12E0D}"
EndProject
Project("{FAE04EC0-301F-11D3-BF4B-00C04F79EFBC}") = "App", "App\App.csproj", "{3F372264-062C-410E-A854-B52BEB60C983}"
EndProject
Global
	GlobalSection(SolutionConfigurationPlatforms) = preSolution
		Debug|Any CPU = Debug|Any CPU
		Release|Any CPU = Release|Any CPU
	EndGlobalSection
	GlobalSection(ProjectConfigurationPlatforms) = postSolution
		{B377C9D2-264D-440E-B3B5-DA1FD2B12E0D}.Debug|Any CPU.ActiveCfg = Debug|Any CPU
		{B377C9D2-264D-440E-B3B5-DA1FD2B12E0D}.Debug|Any CPU.Build.0 = Debug|Any CPU
		{B377C9D2-264D-440E-B3B5-DA1FD2B12E0D}.Release|Any CPU.ActiveCfg = Release|Any CPU
		{B377C9D2-264D-440E-B3B5-DA1FD2B12E0D}.Release|Any CPU.Build.0 = Release|Any CPU
		{3F372264-062C-410E-A854-B52BEB60C983}.Debug|Any CPU.ActiveCfg = Debug|Any CPU
		{3F372264-062C-410E-A854-B52BEB60C983}.Debug|Any CPU.Build.0 = Debug|Any CPU
		{3F372264-062C-410E-A854-B52BEB60C983}.Release|Any CPU.ActiveCfg = Release|Any CPU
		{3F372264-062C-410E-A854-B52BEB60C983}.Release|Any CPU.Build.0 = Release|Any CPU
	EndGlobalSection
	GlobalSection(SolutionProperties) = preSolution
		HideSolutionNode = FALSE
	EndGlobalSection
	GlobalSection(ExtensibilityGlobals) = postSolution
		SolutionGuid = {1C910B8F-B3A4-4F21-8F84-75C049C636BE}
	EndGlobalSection
EndGlobal
